
Microsoft Visual Studio Solution File, Format Version 12.00
# Visual Studio Version 16
VisualStudioVersion = 16.0.28803.452
MinimumVisualStudioVersion = 10.0.40219.1
Project("{9A19103F-16F7-4668-BE54-9A1E7A4F7556}") = "MovieRecommendationService", "MovieRecommendationService\MovieRecommendationService.csproj", "{0683FD9C-10AF-4A6C-8182-3C962C6CA975}"
EndProject
Global
	GlobalSection(SolutionConfigurationPlatforms) = preSolution
		Debug|Any CPU = Debug|Any CPU
		Release|Any CPU = Release|Any CPU
	EndGlobalSection
	GlobalSection(ProjectConfigurationPlatforms) = postSolution
		{0683FD9C-10AF-4A6C-8182-3C962C6CA975}.Debug|Any CPU.ActiveCfg = Debug|Any CPU
		{0683FD9C-10AF-4A6C-8182-3C962C6CA975}.Debug|Any CPU.Build.0 = Debug|Any CPU
		{0683FD9C-10AF-4A6C-8182-3C962C6CA975}.Release|Any CPU.ActiveCfg = Release|Any CPU
		{0683FD9C-10AF-4A6C-8182-3C962C6CA975}.Release|Any CPU.Build.0 = Release|Any CPU
	EndGlobalSection
	GlobalSection(SolutionProperties) = preSolution
		HideSolutionNode = FALSE
	EndGlobalSection
	GlobalSection(ExtensibilityGlobals) = postSolution
		SolutionGuid = {F2477969-B8B3-4AB3-AB27-382FDE0EC3F8}
	EndGlobalSection
EndGlobal
